{
    "_meta": {
        "hash": {
            "sha256": "99ed5b194944275107eac9c0c1ef8632402d094c3baf46f30f266046e5d04730"
        },
        "pipfile-spec": 6,
        "requires": {
            "python_version": "3.12"
        },
        "sources": [
            {
                "name": "pypi",
                "url": "https://pypi.org/simple",
                "verify_ssl": true
            }
        ]
    },
    "default": {
        "inflection": {
            "hashes": [
                "sha256:1a29730d366e996aaacffb2f1f1cb9593dc38e2ddd30c91250c6dde09ea9b417",
                "sha256:f38b2b640938a4f35ade69ac3d053042959b62a0f1076a5bbaa1b9526605a8a2"
            ],
            "index": "pypi",
            "markers": "python_version >= '3.5'",
            "version": "==0.5.1"
        },
        "iniconfig": {
            "hashes": [
                "sha256:2d91e135bf72d31a410b17c16da610a82cb55f6b0477d1a902134b24a455b8b3",
                "sha256:b6a85871a79d2e3b22d2d1b94ac2824226a63c6b741c88f7ae975f18b6778374"
            ],
            "markers": "python_version >= '3.7'",
            "version": "==2.0.0"
        },
        "mysql-connector-python": {
            "hashes": [
                "sha256:085024bf12d15f9b428938fdbeb50bd9b15dda9c4d3a474e6df061cb08713e6a",
                "sha256:276bae0d5d44abb7ba1205003b55628e4e6f1d399f1825d518bc607320997b1f",
                "sha256:2b5c6fea6513cf208c7116a4a5e36b3ae54e0d37f324a7cfe43fb01cfdf03be6",
                "sha256:35939c4ff28f395a5550bae67bafa4d1658ea72ea3206f457fff64a0fbec17e4",
                "sha256:3ae951f2e16d089975cb9f05b3f3e58807dc33a2e5a627047bba1c8ad5439d82",
                "sha256:42542d131d63c78416d410fdc9e84b9acb960d715c2e7b28c57ac9577c6d8165",
                "sha256:427a84027b8314c73f5ff3eb1abdc709a8201b44a491d7b580bdf430b4820a16",
                "sha256:44a99d44a925ea29c2e423e6d8b1d97ce740c3078d8b41923a81bbcd0a821972",
                "sha256:4e83fc8ed95005b171ffa36a289dac48625048263b09b56718e8395539ea07d9",
                "sha256:651c7824af57eb50f4a79ea04bf6f453b24381e1bb56eee45c0035b4c0c624c0",
                "sha256:655dccbdc0e2943e62cf69e10a024329248b17b58bfac59c60fd2103db3ba0b0",
                "sha256:74b1759d8bd9ccd4296dc2e5abe22ec7efbd1ad12a9032c2cb4d17fa5d0ca6e0",
                "sha256:76c13fde35a038afe50550a9af7b31b28ca3a04cce06f3030980afb20460d28c",
                "sha256:a6d24ea29b3c2bdbba6861590de557665420bfb938f74b5cecc630bac5457d35",
                "sha256:accf10425c6af39a9595a47e7119ebcbcd7351f7df28755dbee01bca5a605b7c",
                "sha256:aed505adc76b58282c76e6cbf3da195be0f84029a41f05c470be977481896074",
                "sha256:af40b5bdd91547d3dbf5fa62bde37e9e840bd7cba3b9246b55c09e6a1cde536f",
                "sha256:b7876358d9e51f25edc492088c4ce16cd14c2db87c279a965b0f9c327723359c",
                "sha256:bb4f3edab78f3fd6f80c6c0a9e5a533704044fc01bfb9e8736e1a993f74aa42d",
                "sha256:c0a2688d95d53cfbea9352ed61926b47bc9042570570fb8fe0a8d19b1e20f1c4",
                "sha256:cd89d1c8c2d1e33e5ac2d4eac5813422c150a8427fb60a16c59be18c29dd9a94",
                "sha256:cda868bb4e1641362d148f5b0d2a86188cffa2f7188831589781b13f2df6f51a",
                "sha256:d343a4a8133ae9561bd537fc8cdbcab74a0607a5f40698569010fa3c7d4a048f",
                "sha256:e549674c72b596a7386f4a76bbac2ee9581f6632e6713618a70468713b162964",
                "sha256:e6d5a418ef124dd1b18a73fd89431a1862ce7bf68f61275c7d006e8e2f8afcd2",
                "sha256:ed276c4e7907da0ad95a9ad122004294d6fb425127064af2ae880033b8e72166"
            ],
            "index": "pypi",
            "markers": "python_version >= '3.8'",
            "version": "==8.4.0"
        },
        "packaging": {
            "hashes": [
                "sha256:2ddfb553fdf02fb784c234c7ba6ccc288296ceabec964ad2eae3777778130bc5",
                "sha256:eb82c5e3e56209074766e6885bb04b8c38a0c015d0a30036ebe7ece34c9989e9"
            ],
            "markers": "python_version >= '3.7'",
            "version": "==24.0"
        },
        "pluggy": {
            "hashes": [
                "sha256:2cffa88e94fdc978c4c574f15f9e59b7f4201d439195c3715ca9e2486f1d0cf1",
                "sha256:44e1ad92c8ca002de6377e165f3e0f1be63266ab4d554740532335b9d75ea669"
            ],
            "markers": "python_version >= '3.8'",
            "version": "==1.5.0"
        },
        "pytest": {
            "hashes": [
                "sha256:1733f0620f6cda4095bbf0d9ff8022486e91892245bb9e7d5542c018f612f233",
                "sha256:d507d4482197eac0ba2bae2e9babf0672eb333017bcedaa5fb1a3d42c1174b3f"
            ],
            "index": "pypi",
            "markers": "python_version >= '3.8'",
            "version": "==8.2.0"
        }
    },
    "develop": {}
}
